
Microsoft Visual Studio Solution File, Format Version 12.00
# Visual Studio Version 16
VisualStudioVersion = 25.0.1700.6
MinimumVisualStudioVersion = 10.0.40219.1
Project("{2150E333-8FDC-42A3-9474-1A3956D46DE8}") = "src", "src", "{A2F9A0AF-6E2E-4B67-A5C0-70789E66D50B}"
EndProject
Project("{2150E333-8FDC-42A3-9474-1A3956D46DE8}") = "Solution Items", "Solution Items", "{DFCAD336-ADEB-49C1-83EA-4EEEC6109C98}"
	ProjectSection(SolutionItems) = preProject
		ServiceUrls.txt = ServiceUrls.txt
	EndProjectSection
EndProject
Project("{2150E333-8FDC-42A3-9474-1A3956D46DE8}") = "ApiGateways", "ApiGateways", "{95DA0406-35CD-4935-81A5-1CE3D373522F}"
EndProject
Project("{2150E333-8FDC-42A3-9474-1A3956D46DE8}") = "BuildingBlocks", "BuildingBlocks", "{4A711980-9D47-4E84-9778-EE4041CA01B5}"
EndProject
Project("{2150E333-8FDC-42A3-9474-1A3956D46DE8}") = "Services", "Services", "{03C8B883-84C2-460D-A34B-07ECAA1E9A38}"
EndProject
Project("{2150E333-8FDC-42A3-9474-1A3956D46DE8}") = "Clients", "Clients", "{4CFA460C-9E18-454A-9EE1-B5D2DCAFF969}"
EndProject
Project("{2150E333-8FDC-42A3-9474-1A3956D46DE8}") = "Web", "Web", "{0D7B8CA5-37AB-42CE-93FF-9672BE614372}"
EndProject
Project("{2150E333-8FDC-42A3-9474-1A3956D46DE8}") = "WebApiGateway", "WebApiGateway", "{D619783C-4102-4CB6-9595-247C52922F7B}"
EndProject
Project("{FAE04EC0-301F-11D3-BF4B-00C04F79EFBC}") = "Web.Api", "src\ApiGateways\WebApiGateway\Web.Api\Web.Api.csproj", "{635B73FF-53A0-48CB-9FE3-D50364D13A92}"
EndProject
Project("{2150E333-8FDC-42A3-9474-1A3956D46DE8}") = "EventBus", "EventBus", "{A0FBE21F-1415-48B8-8216-3EFE5057D62F}"
EndProject
Project("{FAE04EC0-301F-11D3-BF4B-00C04F79EFBC}") = "EventBus.Base", "src\BuildingBlocks\EventBus\EventBus.Base\EventBus.Base.csproj", "{ED9BC79F-08AD-4BDD-9D47-B1B7593E8893}"
EndProject
Project("{FAE04EC0-301F-11D3-BF4B-00C04F79EFBC}") = "EventBus.Factory", "src\BuildingBlocks\EventBus\EventBus.Factory\EventBus.Factory.csproj", "{B912E116-745F-4E45-B78F-88D80177CC30}"
EndProject
Project("{FAE04EC0-301F-11D3-BF4B-00C04F79EFBC}") = "EventBus.AzureServiceBus", "src\BuildingBlocks\EventBus\EventBus.AzureServiceBus\EventBus.AzureServiceBus.csproj", "{74FA95CA-F7D8-46BC-B2F1-2274719D2124}"
EndProject
Project("{FAE04EC0-301F-11D3-BF4B-00C04F79EFBC}") = "EventBus.RabbitMQ", "src\BuildingBlocks\EventBus\EventBus.RabbitMQ\EventBus.RabbitMQ.csproj", "{1E09C480-8328-4021-9B39-4E4BB607BF69}"
EndProject
Project("{FAE04EC0-301F-11D3-BF4B-00C04F79EFBC}") = "WebApp", "src\Clients\Web\WebApp\WebApp.csproj", "{7862B066-8A04-49B0-BBFA-5C45B6CFBF58}"
EndProject
Project("{2150E333-8FDC-42A3-9474-1A3956D46DE8}") = "BasketService", "BasketService", "{1569C3FA-9AC6-4B88-877C-5D5E68161581}"
EndProject
Project("{FAE04EC0-301F-11D3-BF4B-00C04F79EFBC}") = "BasketService.Api", "src\Services\BasketService\BasketService.Api\BasketService.Api.csproj", "{5B77DF31-AF03-4370-B385-5629DAC5DEAA}"
EndProject
Project("{2150E333-8FDC-42A3-9474-1A3956D46DE8}") = "CatalogService", "CatalogService", "{11579D91-664D-489E-99B9-53E41F5EB60C}"
EndProject
Project("{FAE04EC0-301F-11D3-BF4B-00C04F79EFBC}") = "CatalogService.Api", "src\Services\CatalogService\CatalogService.Api\CatalogService.Api.csproj", "{CD01F5AD-9C0C-4C5E-9F62-0BB88DC93526}"
EndProject
Project("{2150E333-8FDC-42A3-9474-1A3956D46DE8}") = "IdentityService", "IdentityService", "{7E90BE69-730D-4661-BB0F-6417A811D3AA}"
EndProject
Project("{FAE04EC0-301F-11D3-BF4B-00C04F79EFBC}") = "IdentityService.Api", "src\Services\IdentityService\IdentityService.Api\IdentityService.Api.csproj", "{24FC2214-D167-4F2D-80DC-15752844D8FE}"
EndProject
Project("{2150E333-8FDC-42A3-9474-1A3956D46DE8}") = "NotificationService", "NotificationService", "{B0ED5544-F652-4F6C-9526-292B4A5B19C5}"
EndProject
Project("{FAE04EC0-301F-11D3-BF4B-00C04F79EFBC}") = "NotificationService.WorkerService", "src\Services\NotificationService\NotificationService.WorkerService\NotificationService.WorkerService.csproj", "{ABF5C9CD-5D59-476E-AFDE-96B009FBE22D}"
EndProject
Project("{2150E333-8FDC-42A3-9474-1A3956D46DE8}") = "OrderService", "OrderService", "{0430E820-77D0-4C81-8ADD-D798EE21015B}"
EndProject
Project("{FAE04EC0-301F-11D3-BF4B-00C04F79EFBC}") = "OrderService.Domain", "src\Services\OrderService\OrderService.Domain\OrderService.Domain.csproj", "{CB16FC7B-9382-4BDE-8D76-BF6C8DF406C8}"
EndProject
Project("{FAE04EC0-301F-11D3-BF4B-00C04F79EFBC}") = "OrderService.Application", "src\Services\OrderService\OrderService.Application\OrderService.Application.csproj", "{8B28E9D6-FB9D-45EA-81D3-1A1201207033}"
EndProject
Project("{FAE04EC0-301F-11D3-BF4B-00C04F79EFBC}") = "OrderService.Infrastructure", "src\Services\OrderService\OrderService.Infrastructure\OrderService.Infrastructure.csproj", "{B5B27C3F-665F-4C2A-B14F-3FBF1C49A722}"
EndProject
Project("{FAE04EC0-301F-11D3-BF4B-00C04F79EFBC}") = "OrderService.Api", "src\Services\OrderService\OrderService.Api\OrderService.Api.csproj", "{9C517E18-FA4E-4E59-9DF4-9250D40FEC21}"
EndProject
Project("{2150E333-8FDC-42A3-9474-1A3956D46DE8}") = "PaymentService", "PaymentService", "{65FB3524-3C17-470B-82C9-AC68E0E6295E}"
EndProject
Project("{FAE04EC0-301F-11D3-BF4B-00C04F79EFBC}") = "PaymentService.Api", "src\Services\PaymentService\PaymentService.Api\PaymentService.Api.csproj", "{730EEE43-173B-4A89-A34C-17AEB77026D5}"
EndProject
Global
	GlobalSection(SolutionConfigurationPlatforms) = preSolution
		Debug|Any CPU = Debug|Any CPU
		Release|Any CPU = Release|Any CPU
	EndGlobalSection
	GlobalSection(ProjectConfigurationPlatforms) = postSolution
		{635B73FF-53A0-48CB-9FE3-D50364D13A92}.Debug|Any CPU.ActiveCfg = Debug|Any CPU
		{635B73FF-53A0-48CB-9FE3-D50364D13A92}.Debug|Any CPU.Build.0 = Debug|Any CPU
		{635B73FF-53A0-48CB-9FE3-D50364D13A92}.Release|Any CPU.ActiveCfg = Release|Any CPU
		{635B73FF-53A0-48CB-9FE3-D50364D13A92}.Release|Any CPU.Build.0 = Release|Any CPU
		{ED9BC79F-08AD-4BDD-9D47-B1B7593E8893}.Debug|Any CPU.ActiveCfg = Debug|Any CPU
		{ED9BC79F-08AD-4BDD-9D47-B1B7593E8893}.Debug|Any CPU.Build.0 = Debug|Any CPU
		{ED9BC79F-08AD-4BDD-9D47-B1B7593E8893}.Release|Any CPU.ActiveCfg = Release|Any CPU
		{ED9BC79F-08AD-4BDD-9D47-B1B7593E8893}.Release|Any CPU.Build.0 = Release|Any CPU
		{B912E116-745F-4E45-B78F-88D80177CC30}.Debug|Any CPU.ActiveCfg = Debug|Any CPU
		{B912E116-745F-4E45-B78F-88D80177CC30}.Debug|Any CPU.Build.0 = Debug|Any CPU
		{B912E116-745F-4E45-B78F-88D80177CC30}.Release|Any CPU.ActiveCfg = Release|Any CPU
		{B912E116-745F-4E45-B78F-88D80177CC30}.Release|Any CPU.Build.0 = Release|Any CPU
		{74FA95CA-F7D8-46BC-B2F1-2274719D2124}.Debug|Any CPU.ActiveCfg = Debug|Any CPU
		{74FA95CA-F7D8-46BC-B2F1-2274719D2124}.Debug|Any CPU.Build.0 = Debug|Any CPU
		{74FA95CA-F7D8-46BC-B2F1-2274719D2124}.Release|Any CPU.ActiveCfg = Release|Any CPU
		{74FA95CA-F7D8-46BC-B2F1-2274719D2124}.Release|Any CPU.Build.0 = Release|Any CPU
		{1E09C480-8328-4021-9B39-4E4BB607BF69}.Debug|Any CPU.ActiveCfg = Debug|Any CPU
		{1E09C480-8328-4021-9B39-4E4BB607BF69}.Debug|Any CPU.Build.0 = Debug|Any CPU
		{1E09C480-8328-4021-9B39-4E4BB607BF69}.Release|Any CPU.ActiveCfg = Release|Any CPU
		{1E09C480-8328-4021-9B39-4E4BB607BF69}.Release|Any CPU.Build.0 = Release|Any CPU
		{7862B066-8A04-49B0-BBFA-5C45B6CFBF58}.Debug|Any CPU.ActiveCfg = Debug|Any CPU
		{7862B066-8A04-49B0-BBFA-5C45B6CFBF58}.Debug|Any CPU.Build.0 = Debug|Any CPU
		{7862B066-8A04-49B0-BBFA-5C45B6CFBF58}.Release|Any CPU.ActiveCfg = Release|Any CPU
		{7862B066-8A04-49B0-BBFA-5C45B6CFBF58}.Release|Any CPU.Build.0 = Release|Any CPU
		{5B77DF31-AF03-4370-B385-5629DAC5DEAA}.Debug|Any CPU.ActiveCfg = Debug|Any CPU
		{5B77DF31-AF03-4370-B385-5629DAC5DEAA}.Debug|Any CPU.Build.0 = Debug|Any CPU
		{5B77DF31-AF03-4370-B385-5629DAC5DEAA}.Release|Any CPU.ActiveCfg = Release|Any CPU
		{5B77DF31-AF03-4370-B385-5629DAC5DEAA}.Release|Any CPU.Build.0 = Release|Any CPU
		{CD01F5AD-9C0C-4C5E-9F62-0BB88DC93526}.Debug|Any CPU.ActiveCfg = Debug|Any CPU
		{CD01F5AD-9C0C-4C5E-9F62-0BB88DC93526}.Debug|Any CPU.Build.0 = Debug|Any CPU
		{CD01F5AD-9C0C-4C5E-9F62-0BB88DC93526}.Release|Any CPU.ActiveCfg = Release|Any CPU
		{CD01F5AD-9C0C-4C5E-9F62-0BB88DC93526}.Release|Any CPU.Build.0 = Release|Any CPU
		{24FC2214-D167-4F2D-80DC-15752844D8FE}.Debug|Any CPU.ActiveCfg = Debug|Any CPU
		{24FC2214-D167-4F2D-80DC-15752844D8FE}.Debug|Any CPU.Build.0 = Debug|Any CPU
		{24FC2214-D167-4F2D-80DC-15752844D8FE}.Release|Any CPU.ActiveCfg = Release|Any CPU
		{24FC2214-D167-4F2D-80DC-15752844D8FE}.Release|Any CPU.Build.0 = Release|Any CPU
		{ABF5C9CD-5D59-476E-AFDE-96B009FBE22D}.Debug|Any CPU.ActiveCfg = Debug|Any CPU
		{ABF5C9CD-5D59-476E-AFDE-96B009FBE22D}.Debug|Any CPU.Build.0 = Debug|Any CPU
		{ABF5C9CD-5D59-476E-AFDE-96B009FBE22D}.Release|Any CPU.ActiveCfg = Release|Any CPU
		{ABF5C9CD-5D59-476E-AFDE-96B009FBE22D}.Release|Any CPU.Build.0 = Release|Any CPU
		{CB16FC7B-9382-4BDE-8D76-BF6C8DF406C8}.Debug|Any CPU.ActiveCfg = Debug|Any CPU
		{CB16FC7B-9382-4BDE-8D76-BF6C8DF406C8}.Debug|Any CPU.Build.0 = Debug|Any CPU
		{CB16FC7B-9382-4BDE-8D76-BF6C8DF406C8}.Release|Any CPU.ActiveCfg = Release|Any CPU
		{CB16FC7B-9382-4BDE-8D76-BF6C8DF406C8}.Release|Any CPU.Build.0 = Release|Any CPU
		{8B28E9D6-FB9D-45EA-81D3-1A1201207033}.Debug|Any CPU.ActiveCfg = Debug|Any CPU
		{8B28E9D6-FB9D-45EA-81D3-1A1201207033}.Debug|Any CPU.Build.0 = Debug|Any CPU
		{8B28E9D6-FB9D-45EA-81D3-1A1201207033}.Release|Any CPU.ActiveCfg = Release|Any CPU
		{8B28E9D6-FB9D-45EA-81D3-1A1201207033}.Release|Any CPU.Build.0 = Release|Any CPU
		{B5B27C3F-665F-4C2A-B14F-3FBF1C49A722}.Debug|Any CPU.ActiveCfg = Debug|Any CPU
		{B5B27C3F-665F-4C2A-B14F-3FBF1C49A722}.Debug|Any CPU.Build.0 = Debug|Any CPU
		{B5B27C3F-665F-4C2A-B14F-3FBF1C49A722}.Release|Any CPU.ActiveCfg = Release|Any CPU
		{B5B27C3F-665F-4C2A-B14F-3FBF1C49A722}.Release|Any CPU.Build.0 = Release|Any CPU
		{9C517E18-FA4E-4E59-9DF4-9250D40FEC21}.Debug|Any CPU.ActiveCfg = Debug|Any CPU
		{9C517E18-FA4E-4E59-9DF4-9250D40FEC21}.Debug|Any CPU.Build.0 = Debug|Any CPU
		{9C517E18-FA4E-4E59-9DF4-9250D40FEC21}.Release|Any CPU.ActiveCfg = Release|Any CPU
		{9C517E18-FA4E-4E59-9DF4-9250D40FEC21}.Release|Any CPU.Build.0 = Release|Any CPU
		{730EEE43-173B-4A89-A34C-17AEB77026D5}.Debug|Any CPU.ActiveCfg = Debug|Any CPU
		{730EEE43-173B-4A89-A34C-17AEB77026D5}.Debug|Any CPU.Build.0 = Debug|Any CPU
		{730EEE43-173B-4A89-A34C-17AEB77026D5}.Release|Any CPU.ActiveCfg = Release|Any CPU
		{730EEE43-173B-4A89-A34C-17AEB77026D5}.Release|Any CPU.Build.0 = Release|Any CPU
	EndGlobalSection
	GlobalSection(SolutionProperties) = preSolution
		HideSolutionNode = FALSE
	EndGlobalSection
	GlobalSection(ExtensibilityGlobals) = postSolution
		SolutionGuid = {119124CD-8119-44C7-951A-BBCAD2BB9274}
	EndGlobalSection
	GlobalSection(NestedProjects) = preSolution
		{95DA0406-35CD-4935-81A5-1CE3D373522F} = {A2F9A0AF-6E2E-4B67-A5C0-70789E66D50B}
		{4A711980-9D47-4E84-9778-EE4041CA01B5} = {A2F9A0AF-6E2E-4B67-A5C0-70789E66D50B}
		{03C8B883-84C2-460D-A34B-07ECAA1E9A38} = {A2F9A0AF-6E2E-4B67-A5C0-70789E66D50B}
		{4CFA460C-9E18-454A-9EE1-B5D2DCAFF969} = {A2F9A0AF-6E2E-4B67-A5C0-70789E66D50B}
		{0D7B8CA5-37AB-42CE-93FF-9672BE614372} = {4CFA460C-9E18-454A-9EE1-B5D2DCAFF969}
		{D619783C-4102-4CB6-9595-247C52922F7B} = {95DA0406-35CD-4935-81A5-1CE3D373522F}
		{635B73FF-53A0-48CB-9FE3-D50364D13A92} = {D619783C-4102-4CB6-9595-247C52922F7B}
		{A0FBE21F-1415-48B8-8216-3EFE5057D62F} = {4A711980-9D47-4E84-9778-EE4041CA01B5}
		{ED9BC79F-08AD-4BDD-9D47-B1B7593E8893} = {A0FBE21F-1415-48B8-8216-3EFE5057D62F}
		{B912E116-745F-4E45-B78F-88D80177CC30} = {A0FBE21F-1415-48B8-8216-3EFE5057D62F}
		{74FA95CA-F7D8-46BC-B2F1-2274719D2124} = {A0FBE21F-1415-48B8-8216-3EFE5057D62F}
		{1E09C480-8328-4021-9B39-4E4BB607BF69} = {A0FBE21F-1415-48B8-8216-3EFE5057D62F}
		{7862B066-8A04-49B0-BBFA-5C45B6CFBF58} = {0D7B8CA5-37AB-42CE-93FF-9672BE614372}
		{1569C3FA-9AC6-4B88-877C-5D5E68161581} = {03C8B883-84C2-460D-A34B-07ECAA1E9A38}
		{5B77DF31-AF03-4370-B385-5629DAC5DEAA} = {1569C3FA-9AC6-4B88-877C-5D5E68161581}
		{11579D91-664D-489E-99B9-53E41F5EB60C} = {03C8B883-84C2-460D-A34B-07ECAA1E9A38}
		{CD01F5AD-9C0C-4C5E-9F62-0BB88DC93526} = {11579D91-664D-489E-99B9-53E41F5EB60C}
		{7E90BE69-730D-4661-BB0F-6417A811D3AA} = {03C8B883-84C2-460D-A34B-07ECAA1E9A38}
		{24FC2214-D167-4F2D-80DC-15752844D8FE} = {7E90BE69-730D-4661-BB0F-6417A811D3AA}
		{B0ED5544-F652-4F6C-9526-292B4A5B19C5} = {03C8B883-84C2-460D-A34B-07ECAA1E9A38}
		{ABF5C9CD-5D59-476E-AFDE-96B009FBE22D} = {B0ED5544-F652-4F6C-9526-292B4A5B19C5}
		{0430E820-77D0-4C81-8ADD-D798EE21015B} = {03C8B883-84C2-460D-A34B-07ECAA1E9A38}
		{CB16FC7B-9382-4BDE-8D76-BF6C8DF406C8} = {0430E820-77D0-4C81-8ADD-D798EE21015B}
		{8B28E9D6-FB9D-45EA-81D3-1A1201207033} = {0430E820-77D0-4C81-8ADD-D798EE21015B}
		{B5B27C3F-665F-4C2A-B14F-3FBF1C49A722} = {0430E820-77D0-4C81-8ADD-D798EE21015B}
		{9C517E18-FA4E-4E59-9DF4-9250D40FEC21} = {0430E820-77D0-4C81-8ADD-D798EE21015B}
		{65FB3524-3C17-470B-82C9-AC68E0E6295E} = {03C8B883-84C2-460D-A34B-07ECAA1E9A38}
		{730EEE43-173B-4A89-A34C-17AEB77026D5} = {65FB3524-3C17-470B-82C9-AC68E0E6295E}
	EndGlobalSection
EndGlobal
